// !$*UTF8*$!
{
	archiveVersion = 1;
	classes = {
	};
	objectVersion = 55;
	objects = {

/* Begin PBXBuildFile section */
		B819C5FB5BE926483C21C740 /* Pods_Coordinator_Sample_2.framework in Frameworks */ = {isa = PBXBuildFile; fileRef = A0D760DF594EEE5BD643A305 /* Pods_Coordinator_Sample_2.framework */; };
		D80F989927D68968004A3C61 /* AppDelegate.swift in Sources */ = {isa = PBXBuildFile; fileRef = D80F989827D68968004A3C61 /* AppDelegate.swift */; };
		D80F989B27D68968004A3C61 /* SceneDelegate.swift in Sources */ = {isa = PBXBuildFile; fileRef = D80F989A27D68968004A3C61 /* SceneDelegate.swift */; };
		D80F98A227D68969004A3C61 /* Assets.xcassets in Resources */ = {isa = PBXBuildFile; fileRef = D80F98A127D68969004A3C61 /* Assets.xcassets */; };
		D80F98A527D68969004A3C61 /* LaunchScreen.storyboard in Resources */ = {isa = PBXBuildFile; fileRef = D80F98A327D68969004A3C61 /* LaunchScreen.storyboard */; };
		D85F510B27D68DDB0041C853 /* MainViewController.swift in Sources */ = {isa = PBXBuildFile; fileRef = D85F510A27D68DDA0041C853 /* MainViewController.swift */; };
/* End PBXBuildFile section */

/* Begin PBXFileReference section */
		6A33E8EE6C9AFC7385019B4D /* Pods-Coordinator_Sample_2.debug.xcconfig */ = {isa = PBXFileReference; includeInIndex = 1; lastKnownFileType = text.xcconfig; name = "Pods-Coordinator_Sample_2.debug.xcconfig"; path = "Target Support Files/Pods-Coordinator_Sample_2/Pods-Coordinator_Sample_2.debug.xcconfig"; sourceTree = "<group>"; };
		8B6A7F0512CDEA9CAA6CEFB4 /* Pods-Coordinator_Sample_2.release.xcconfig */ = {isa = PBXFileReference; includeInIndex = 1; lastKnownFileType = text.xcconfig; name = "Pods-Coordinator_Sample_2.release.xcconfig"; path = "Target Support Files/Pods-Coordinator_Sample_2/Pods-Coordinator_Sample_2.release.xcconfig"; sourceTree = "<group>"; };
		A0D760DF594EEE5BD643A305 /* Pods_Coordinator_Sample_2.framework */ = {isa = PBXFileReference; explicitFileType = wrapper.framework; includeInIndex = 0; path = Pods_Coordinator_Sample_2.framework; sourceTree = BUILT_PRODUCTS_DIR; };
		D80F989527D68968004A3C61 /* Coordinator_Sample_2.app */ = {isa = PBXFileReference; explicitFileType = wrapper.application; includeInIndex = 0; path = Coordinator_Sample_2.app; sourceTree = BUILT_PRODUCTS_DIR; };
		D80F989827D68968004A3C61 /* AppDelegate.swift */ = {isa = PBXFileReference; lastKnownFileType = sourcecode.swift; path = AppDelegate.swift; sourceTree = "<group>"; };
		D80F989A27D68968004A3C61 /* SceneDelegate.swift */ = {isa = PBXFileReference; lastKnownFileType = sourcecode.swift; path = SceneDelegate.swift; sourceTree = "<group>"; };
		D80F98A127D68969004A3C61 /* Assets.xcassets */ = {isa = PBXFileReference; lastKnownFileType = folder.assetcatalog; path = Assets.xcassets; sourceTree = "<group>"; };
		D80F98A427D68969004A3C61 /* Base */ = {isa = PBXFileReference; lastKnownFileType = file.storyboard; name = Base; path = Base.lproj/LaunchScreen.storyboard; sourceTree = "<group>"; };
		D80F98A627D68969004A3C61 /* Info.plist */ = {isa = PBXFileReference; lastKnownFileType = text.plist.xml; path = Info.plist; sourceTree = "<group>"; };
		D85F510A27D68DDA0041C853 /* MainViewController.swift */ = {isa = PBXFileReference; lastKnownFileType = sourcecode.swift; path = MainViewController.swift; sourceTree = "<group>"; };
/* End PBXFileReference section */

/* Begin PBXFrameworksBuildPhase section */
		D80F989227D68968004A3C61 /* Frameworks */ = {
			isa = PBXFrameworksBuildPhase;
			buildActionMask = 2147483647;
			files = (
				B819C5FB5BE926483C21C740 /* Pods_Coordinator_Sample_2.framework in Frameworks */,
			);
			runOnlyForDeploymentPostprocessing = 0;
		};
/* End PBXFrameworksBuildPhase section */

/* Begin PBXGroup section */
		9229F4FDDD4EA3D52CE96F2A /* Pods */ = {
			isa = PBXGroup;
			children = (
				6A33E8EE6C9AFC7385019B4D /* Pods-Coordinator_Sample_2.debug.xcconfig */,
				8B6A7F0512CDEA9CAA6CEFB4 /* Pods-Coordinator_Sample_2.release.xcconfig */,
			);
			path = Pods;
			sourceTree = "<group>";
		};
		9B7F9C8FEA5B7E950D6D5067 /* Frameworks */ = {
			isa = PBXGroup;
			children = (
				A0D760DF594EEE5BD643A305 /* Pods_Coordinator_Sample_2.framework */,
			);
			name = Frameworks;
			sourceTree = "<group>";
		};
		D80F988C27D68968004A3C61 = {
			isa = PBXGroup;
			children = (
				D80F989727D68968004A3C61 /* Coordinator_Sample_2 */,
				D80F989627D68968004A3C61 /* Products */,
				9229F4FDDD4EA3D52CE96F2A /* Pods */,
				9B7F9C8FEA5B7E950D6D5067 /* Frameworks */,
			);
			sourceTree = "<group>";
		};
		D80F989627D68968004A3C61 /* Products */ = {
			isa = PBXGroup;
			children = (
				D80F989527D68968004A3C61 /* Coordinator_Sample_2.app */,
			);
			name = Products;
			sourceTree = "<group>";
		};
		D80F989727D68968004A3C61 /* Coordinator_Sample_2 */ = {
			isa = PBXGroup;
			children = (
				D85F510927D68DC60041C853 /* ViewControllers */,
				D85F510727D68D860041C853 /* App */,
				D85F510827D68D900041C853 /* Resources */,
			);
			path = Coordinator_Sample_2;
			sourceTree = "<group>";
		};
		D85F510727D68D860041C853 /* App */ = {
			isa = PBXGroup;
			children = (
				D80F989827D68968004A3C61 /* AppDelegate.swift */,
				D80F989A27D68968004A3C61 /* SceneDelegate.swift */,
				D80F98A327D68969004A3C61 /* LaunchScreen.storyboard */,
				D80F98A627D68969004A3C61 /* Info.plist */,
			);
			path = App;
			sourceTree = "<group>";
		};
		D85F510827D68D900041C853 /* Resources */ = {
			isa = PBXGroup;
			children = (
				D80F98A127D68969004A3C61 /* Assets.xcassets */,
			);
			path = Resources;
			sourceTree = "<group>";
		};
		D85F510927D68DC60041C853 /* ViewControllers */ = {
			isa = PBXGroup;
			children = (
				D85F510A27D68DDA0041C853 /* MainViewController.swift */,
			);
			path = ViewControllers;
			sourceTree = "<group>";
		};
/* End PBXGroup section */

/* Begin PBXNativeTarget section */
		D80F989427D68968004A3C61 /* Coordinator_Sample_2 */ = {
			isa = PBXNativeTarget;
			buildConfigurationList = D80F98A927D68969004A3C61 /* Build configuration list for PBXNativeTarget "Coordinator_Sample_2" */;
			buildPhases = (
				5883425C34DC67A3645F13FC /* [CP] Check Pods Manifest.lock */,
				D80F989127D68968004A3C61 /* Sources */,
				D80F989227D68968004A3C61 /* Frameworks */,
				D80F989327D68968004A3C61 /* Resources */,
				D85F510627D68C1A0041C853 /* ShellScript */,
			);
			buildRules = (
			);
			dependencies = (
			);
			name = Coordinator_Sample_2;
			productName = Coordinator_Sample_2;
			productReference = D80F989527D68968004A3C61 /* Coordinator_Sample_2.app */;
			productType = "com.apple.product-type.application";
		};
/* End PBXNativeTarget section */

/* Begin PBXProject section */
		D80F988D27D68968004A3C61 /* Project object */ = {
			isa = PBXProject;
			attributes = {
				BuildIndependentTargetsInParallel = 1;
				LastSwiftUpdateCheck = 1320;
				LastUpgradeCheck = 1320;
				TargetAttributes = {
					D80F989427D68968004A3C61 = {
						CreatedOnToolsVersion = 13.2.1;
					};
				};
			};
			buildConfigurationList = D80F989027D68968004A3C61 /* Build configuration list for PBXProject "Coordinator_Sample_2" */;
			compatibilityVersion = "Xcode 13.0";
			developmentRegion = en;
			hasScannedForEncodings = 0;
			knownRegions = (
				en,
				Base,
			);
			mainGroup = D80F988C27D68968004A3C61;
			productRefGroup = D80F989627D68968004A3C61 /* Products */;
			projectDirPath = "";
			projectRoot = "";
			targets = (
				D80F989427D68968004A3C61 /* Coordinator_Sample_2 */,
			);
		};
/* End PBXProject section */

/* Begin PBXResourcesBuildPhase section */
		D80F989327D68968004A3C61 /* Resources */ = {
			isa = PBXResourcesBuildPhase;
			buildActionMask = 2147483647;
			files = (
				D80F98A527D68969004A3C61 /* LaunchScreen.storyboard in Resources */,
				D80F98A227D68969004A3C61 /* Assets.xcassets in Resources */,
			);
			runOnlyForDeploymentPostprocessing = 0;
		};
/* End PBXResourcesBuildPhase section */

/* Begin PBXShellScriptBuildPhase section */
		5883425C34DC67A3645F13FC /* [CP] Check Pods Manifest.lock */ = {
			isa = PBXShellScriptBuildPhase;
			buildActionMask = 2147483647;
			files = (
			);
			inputFileListPaths = (
			);
			inputPaths = (
				"${PODS_PODFILE_DIR_PATH}/Podfile.lock",
				"${PODS_ROOT}/Manifest.lock",
			);
			name = "[CP] Check Pods Manifest.lock";
			outputFileListPaths = (
			);
			outputPaths = (
				"$(DERIVED_FILE_DIR)/Pods-Coordinator_Sample_2-checkManifestLockResult.txt",
			);
			runOnlyForDeploymentPostprocessing = 0;
			shellPath = /bin/sh;
			shellScript = "diff \"${PODS_PODFILE_DIR_PATH}/Podfile.lock\" \"${PODS_ROOT}/Manifest.lock\" > /dev/null\nif [ $? != 0 ] ; then\n    # print error to STDERR\n    echo \"error: The sandbox is not in sync with the Podfile.lock. Run 'pod install' or update your CocoaPods installation.\" >&2\n    exit 1\nfi\n# This output is used by Xcode 'outputs' to avoid re-running this script phase.\necho \"SUCCESS\" > \"${SCRIPT_OUTPUT_FILE_0}\"\n";
			showEnvVarsInLog = 0;
		};
		D85F510627D68C1A0041C853 /* ShellScript */ = {
			isa = PBXShellScriptBuildPhase;
			buildActionMask = 2147483647;
			files = (
			);
			inputFileListPaths = (
			);
			inputPaths = (
			);
			outputFileListPaths = (
			);
			outputPaths = (
			);
			runOnlyForDeploymentPostprocessing = 0;
			shellPath = /bin/sh;
			shellScript = "if which swiftlint >/dev/null; then\n  swiftlint --fix && swiftlint\nelse\n  echo \"warning: SwiftLint not installed, download from https://github.com/realm/SwiftLint\"\nfi\n";
		};
/* End PBXShellScriptBuildPhase section */

/* Begin PBXSourcesBuildPhase section */
		D80F989127D68968004A3C61 /* Sources */ = {
			isa = PBXSourcesBuildPhase;
			buildActionMask = 2147483647;
			files = (
				D85F510B27D68DDB0041C853 /* MainViewController.swift in Sources */,
				D80F989927D68968004A3C61 /* AppDelegate.swift in Sources */,
				D80F989B27D68968004A3C61 /* SceneDelegate.swift in Sources */,
			);
			runOnlyForDeploymentPostprocessing = 0;
		};
/* End PBXSourcesBuildPhase section */

/* Begin PBXVariantGroup section */
		D80F98A327D68969004A3C61 /* LaunchScreen.storyboard */ = {
			isa = PBXVariantGroup;
			children = (
				D80F98A427D68969004A3C61 /* Base */,
			);
			name = LaunchScreen.storyboard;
			sourceTree = "<group>";
		};
/* End PBXVariantGroup section */

/* Begin XCBuildConfiguration section */
		D80F98A727D68969004A3C61 /* Debug */ = {
			isa = XCBuildConfiguration;
			buildSettings = {
				ALWAYS_SEARCH_USER_PATHS = NO;
				CLANG_ANALYZER_NONNULL = YES;
				CLANG_ANALYZER_NUMBER_OBJECT_CONVERSION = YES_AGGRESSIVE;
				CLANG_CXX_LANGUAGE_STANDARD = "gnu++17";
				CLANG_CXX_LIBRARY = "libc++";
				CLANG_ENABLE_MODULES = YES;
				CLANG_ENABLE_OBJC_ARC = YES;
				CLANG_ENABLE_OBJC_WEAK = YES;
				CLANG_WARN_BLOCK_CAPTURE_AUTORELEASING = YES;
				CLANG_WARN_BOOL_CONVERSION = YES;
				CLANG_WARN_COMMA = YES;
				CLANG_WARN_CONSTANT_CONVERSION = YES;
				CLANG_WARN_DEPRECATED_OBJC_IMPLEMENTATIONS = YES;
				CLANG_WARN_DIRECT_OBJC_ISA_USAGE = YES_ERROR;
				CLANG_WARN_DOCUMENTATION_COMMENTS = YES;
				CLANG_WARN_EMPTY_BODY = YES;
				CLANG_WARN_ENUM_CONVERSION = YES;
				CLANG_WARN_INFINITE_RECURSION = YES;
				CLANG_WARN_INT_CONVERSION = YES;
				CLANG_WARN_NON_LITERAL_NULL_CONVERSION = YES;
				CLANG_WARN_OBJC_IMPLICIT_RETAIN_SELF = YES;
				CLANG_WARN_OBJC_LITERAL_CONVERSION = YES;
				CLANG_WARN_OBJC_ROOT_CLASS = YES_ERROR;
				CLANG_WARN_QUOTED_INCLUDE_IN_FRAMEWORK_HEADER = YES;
				CLANG_WARN_RANGE_LOOP_ANALYSIS = YES;
				CLANG_WARN_STRICT_PROTOTYPES = YES;
				CLANG_WARN_SUSPICIOUS_MOVE = YES;
				CLANG_WARN_UNGUARDED_AVAILABILITY = YES_AGGRESSIVE;
				CLANG_WARN_UNREACHABLE_CODE = YES;
				CLANG_WARN__DUPLICATE_METHOD_MATCH = YES;
				COPY_PHASE_STRIP = NO;
				DEBUG_INFORMATION_FORMAT = dwarf;
				ENABLE_STRICT_OBJC_MSGSEND = YES;
				ENABLE_TESTABILITY = YES;
				GCC_C_LANGUAGE_STANDARD = gnu11;
				GCC_DYNAMIC_NO_PIC = NO;
				GCC_NO_COMMON_BLOCKS = YES;
				GCC_OPTIMIZATION_LEVEL = 0;
				GCC_PREPROCESSOR_DEFINITIONS = (
					"DEBUG=1",
					"$(inherited)",
				);
				GCC_WARN_64_TO_32_BIT_CONVERSION = YES;
				GCC_WARN_ABOUT_RETURN_TYPE = YES_ERROR;
				GCC_WARN_UNDECLARED_SELECTOR = YES;
				GCC_WARN_UNINITIALIZED_AUTOS = YES_AGGRESSIVE;
				GCC_WARN_UNUSED_FUNCTION = YES;
				GCC_WARN_UNUSED_VARIABLE = YES;
				IPHONEOS_DEPLOYMENT_TARGET = 15.2;
				MTL_ENABLE_DEBUG_INFO = INCLUDE_SOURCE;
				MTL_FAST_MATH = YES;
				ONLY_ACTIVE_ARCH = YES;
				SDKROOT = iphoneos;
				SWIFT_ACTIVE_COMPILATION_CONDITIONS = DEBUG;
				SWIFT_OPTIMIZATION_LEVEL = "-Onone";
			};
			name = Debug;
		};
		D80F98A827D68969004A3C61 /* Release */ = {
			isa = XCBuildConfiguration;
			buildSettings = {
				ALWAYS_SEARCH_USER_PATHS = NO;
				CLANG_ANALYZER_NONNULL = YES;
				CLANG_ANALYZER_NUMBER_OBJECT_CONVERSION = YES_AGGRESSIVE;
				CLANG_CXX_LANGUAGE_STANDARD = "gnu++17";
				CLANG_CXX_LIBRARY = "libc++";
				CLANG_ENABLE_MODULES = YES;
				CLANG_ENABLE_OBJC_ARC = YES;
				CLANG_ENABLE_OBJC_WEAK = YES;
				CLANG_WARN_BLOCK_CAPTURE_AUTORELEASING = YES;
				CLANG_WARN_BOOL_CONVERSION = YES;
				CLANG_WARN_COMMA = YES;
				CLANG_WARN_CONSTANT_CONVERSION = YES;
				CLANG_WARN_DEPRECATED_OBJC_IMPLEMENTATIONS = YES;
				CLANG_WARN_DIRECT_OBJC_ISA_USAGE = YES_ERROR;
				CLANG_WARN_DOCUMENTATION_COMMENTS = YES;
				CLANG_WARN_EMPTY_BODY = YES;
				CLANG_WARN_ENUM_CONVERSION = YES;
				CLANG_WARN_INFINITE_RECURSION = YES;
				CLANG_WARN_INT_CONVERSION = YES;
				CLANG_WARN_NON_LITERAL_NULL_CONVERSION = YES;
				CLANG_WARN_OBJC_IMPLICIT_RETAIN_SELF = YES;
				CLANG_WARN_OBJC_LITERAL_CONVERSION = YES;
				CLANG_WARN_OBJC_ROOT_CLASS = YES_ERROR;
				CLANG_WARN_QUOTED_INCLUDE_IN_FRAMEWORK_HEADER = YES;
				CLANG_WARN_RANGE_LOOP_ANALYSIS = YES;
				CLANG_WARN_STRICT_PROTOTYPES = YES;
				CLANG_WARN_SUSPICIOUS_MOVE = YES;
				CLANG_WARN_UNGUARDED_AVAILABILITY = YES_AGGRESSIVE;
				CLANG_WARN_UNREACHABLE_CODE = YES;
				CLANG_WARN__DUPLICATE_METHOD_MATCH = YES;
				COPY_PHASE_STRIP = NO;
				DEBUG_INFORMATION_FORMAT = "dwarf-with-dsym";
				ENABLE_NS_ASSERTIONS = NO;
				ENABLE_STRICT_OBJC_MSGSEND = YES;
				GCC_C_LANGUAGE_STANDARD = gnu11;
				GCC_NO_COMMON_BLOCKS = YES;
				GCC_WARN_64_TO_32_BIT_CONVERSION = YES;
				GCC_WARN_ABOUT_RETURN_TYPE = YES_ERROR;
				GCC_WARN_UNDECLARED_SELECTOR = YES;
				GCC_WARN_UNINITIALIZED_AUTOS = YES_AGGRESSIVE;
				GCC_WARN_UNUSED_FUNCTION = YES;
				GCC_WARN_UNUSED_VARIABLE = YES;
				IPHONEOS_DEPLOYMENT_TARGET = 15.2;
				MTL_ENABLE_DEBUG_INFO = NO;
				MTL_FAST_MATH = YES;
				SDKROOT = iphoneos;
				SWIFT_COMPILATION_MODE = wholemodule;
				SWIFT_OPTIMIZATION_LEVEL = "-O";
				VALIDATE_PRODUCT = YES;
			};
			name = Release;
		};
		D80F98AA27D68969004A3C61 /* Debug */ = {
			isa = XCBuildConfiguration;
			baseConfigurationReference = 6A33E8EE6C9AFC7385019B4D /* Pods-Coordinator_Sample_2.debug.xcconfig */;
			buildSettings = {
				ASSETCATALOG_COMPILER_APPICON_NAME = AppIcon;
				ASSETCATALOG_COMPILER_GLOBAL_ACCENT_COLOR_NAME = AccentColor;
				CODE_SIGN_STYLE = Automatic;
				CURRENT_PROJECT_VERSION = 1;
				DEVELOPMENT_TEAM = RV92NSXQKZ;
				GENERATE_INFOPLIST_FILE = YES;
				INFOPLIST_FILE = Coordinator_Sample_2/App/Info.plist;
				INFOPLIST_KEY_UIApplicationSupportsIndirectInputEvents = YES;
				INFOPLIST_KEY_UILaunchStoryboardName = LaunchScreen;
				INFOPLIST_KEY_UISupportedInterfaceOrientations_iPad = "UIInterfaceOrientationPortrait UIInterfaceOrientationPortraitUpsideDown UIInterfaceOrientationLandscapeLeft UIInterfaceOrientationLandscapeRight";
				INFOPLIST_KEY_UISupportedInterfaceOrientations_iPhone = "UIInterfaceOrientationPortrait UIInterfaceOrientationLandscapeLeft UIInterfaceOrientationLandscapeRight";
				LD_RUNPATH_SEARCH_PATHS = (
					"$(inherited)",
					"@executable_path/Frameworks",
				);
				MARKETING_VERSION = 1.0;
				PRODUCT_BUNDLE_IDENTIFIER = "ru.nechaev.Coordinator-Sample-2";
				PRODUCT_NAME = "$(TARGET_NAME)";
				SWIFT_EMIT_LOC_STRINGS = YES;
				SWIFT_VERSION = 5.0;
				TARGETED_DEVICE_FAMILY = 1;
			};
			name = Debug;
		};
		D80F98AB27D68969004A3C61 /* Release */ = {
			isa = XCBuildConfiguration;
			baseConfigurationReference = 8B6A7F0512CDEA9CAA6CEFB4 /* Pods-Coordinator_Sample_2.release.xcconfig */;
			buildSettings = {
				ASSETCATALOG_COMPILER_APPICON_NAME = AppIcon;
				ASSETCATALOG_COMPILER_GLOBAL_ACCENT_COLOR_NAME = AccentColor;
				CODE_SIGN_STYLE = Automatic;
				CURRENT_PROJECT_VERSION = 1;
				DEVELOPMENT_TEAM = RV92NSXQKZ;
				GENERATE_INFOPLIST_FILE = YES;
				INFOPLIST_FILE = Coordinator_Sample_2/App/Info.plist;
				INFOPLIST_KEY_UIApplicationSupportsIndirectInputEvents = YES;
				INFOPLIST_KEY_UILaunchStoryboardName = LaunchScreen;
				INFOPLIST_KEY_UISupportedInterfaceOrientations_iPad = "UIInterfaceOrientationPortrait UIInterfaceOrientationPortraitUpsideDown UIInterfaceOrientationLandscapeLeft UIInterfaceOrientationLandscapeRight";
				INFOPLIST_KEY_UISupportedInterfaceOrientations_iPhone = "UIInterfaceOrientationPortrait UIInterfaceOrientationLandscapeLeft UIInterfaceOrientationLandscapeRight";
				LD_RUNPATH_SEARCH_PATHS = (
					"$(inherited)",
					"@executable_path/Frameworks",
				);
				MARKETING_VERSION = 1.0;
				PRODUCT_BUNDLE_IDENTIFIER = "ru.nechaev.Coordinator-Sample-2";
				PRODUCT_NAME = "$(TARGET_NAME)";
				SWIFT_EMIT_LOC_STRINGS = YES;
				SWIFT_VERSION = 5.0;
				TARGETED_DEVICE_FAMILY = 1;
			};
			name = Release;
		};
/* End XCBuildConfiguration section */

/* Begin XCConfigurationList section */
		D80F989027D68968004A3C61 /* Build configuration list for PBXProject "Coordinator_Sample_2" */ = {
			isa = XCConfigurationList;
			buildConfigurations = (
				D80F98A727D68969004A3C61 /* Debug */,
				D80F98A827D68969004A3C61 /* Release */,
			);
			defaultConfigurationIsVisible = 0;
			defaultConfigurationName = Release;
		};
		D80F98A927D68969004A3C61 /* Build configuration list for PBXNativeTarget "Coordinator_Sample_2" */ = {
			isa = XCConfigurationList;
			buildConfigurations = (
				D80F98AA27D68969004A3C61 /* Debug */,
				D80F98AB27D68969004A3C61 /* Release */,
			);
			defaultConfigurationIsVisible = 0;
			defaultConfigurationName = Release;
		};
/* End XCConfigurationList section */
	};
	rootObject = D80F988D27D68968004A3C61 /* Project object */;
}
